
Microsoft Visual Studio Solution File, Format Version 12.00
# Visual Studio Version 17
VisualStudioVersion = 17.11.35222.181
MinimumVisualStudioVersion = 10.0.40219.1
Project("{FAE04EC0-301F-11D3-BF4B-00C04F79EFBC}") = "lmsapp.Server", "LMSAPP.Server\lmsapp.Server.csproj", "{C56F4A29-BCC8-4A3D-8F33-2B2CFB0AAF84}"
EndProject
Project("{54A90642-561A-4BB1-A94E-469ADEE60C69}") = "lmsapp.Client", "lmsapp.client\lmsapp.Client.esproj", "{0F18FFFD-8AEA-429C-92F8-B9CA89223054}"
EndProject
Global
	GlobalSection(SolutionConfigurationPlatforms) = preSolution
		Debug|Any CPU = Debug|Any CPU
		Release|Any CPU = Release|Any CPU
	EndGlobalSection
	GlobalSection(ProjectConfigurationPlatforms) = postSolution
		{C56F4A29-BCC8-4A3D-8F33-2B2CFB0AAF84}.Debug|Any CPU.ActiveCfg = Debug|Any CPU
		{C56F4A29-BCC8-4A3D-8F33-2B2CFB0AAF84}.Debug|Any CPU.Build.0 = Debug|Any CPU
		{C56F4A29-BCC8-4A3D-8F33-2B2CFB0AAF84}.Release|Any CPU.ActiveCfg = Release|Any CPU
		{C56F4A29-BCC8-4A3D-8F33-2B2CFB0AAF84}.Release|Any CPU.Build.0 = Release|Any CPU
		{0F18FFFD-8AEA-429C-92F8-B9CA89223054}.Debug|Any CPU.ActiveCfg = Debug|Any CPU
		{0F18FFFD-8AEA-429C-92F8-B9CA89223054}.Debug|Any CPU.Build.0 = Debug|Any CPU
		{0F18FFFD-8AEA-429C-92F8-B9CA89223054}.Debug|Any CPU.Deploy.0 = Debug|Any CPU
		{0F18FFFD-8AEA-429C-92F8-B9CA89223054}.Release|Any CPU.ActiveCfg = Release|Any CPU
		{0F18FFFD-8AEA-429C-92F8-B9CA89223054}.Release|Any CPU.Build.0 = Release|Any CPU
		{0F18FFFD-8AEA-429C-92F8-B9CA89223054}.Release|Any CPU.Deploy.0 = Release|Any CPU
	EndGlobalSection
	GlobalSection(SolutionProperties) = preSolution
		HideSolutionNode = FALSE
	EndGlobalSection
	GlobalSection(ExtensibilityGlobals) = postSolution
		SolutionGuid = {D0CB27B3-E35D-47F7-B875-7985AAEB89B5}
	EndGlobalSection
EndGlobal
